
Microsoft Visual Studio Solution File, Format Version 12.00
# Visual Studio Version 17
VisualStudioVersion = 17.6.33815.320
MinimumVisualStudioVersion = 10.0.40219.1
Project("{9092AA53-FB77-4645-B42D-1CCCA6BD08BD}") = "Slime", "Slime\Slime.njsproj", "{BD610047-BDED-49E2-BA02-5FC089F955A9}"
EndProject
Global
	GlobalSection(SolutionConfigurationPlatforms) = preSolution
		Debug|Any CPU = Debug|Any CPU
		Release|Any CPU = Release|Any CPU
	EndGlobalSection
	GlobalSection(ProjectConfigurationPlatforms) = postSolution
		{BD610047-BDED-49E2-BA02-5FC089F955A9}.Debug|Any CPU.ActiveCfg = Debug|Any CPU
		{BD610047-BDED-49E2-BA02-5FC089F955A9}.Debug|Any CPU.Build.0 = Debug|Any CPU
		{BD610047-BDED-49E2-BA02-5FC089F955A9}.Release|Any CPU.ActiveCfg = Release|Any CPU
		{BD610047-BDED-49E2-BA02-5FC089F955A9}.Release|Any CPU.Build.0 = Release|Any CPU
	EndGlobalSection
	GlobalSection(SolutionProperties) = preSolution
		HideSolutionNode = FALSE
	EndGlobalSection
	GlobalSection(ExtensibilityGlobals) = postSolution
		SolutionGuid = {7C3D385C-7E8A-4CB5-94C5-374DDA816570}
	EndGlobalSection
EndGlobal
